
Microsoft Visual Studio Solution File, Format Version 12.00
# Visual Studio 15
VisualStudioVersion = 15.0.26730.16
MinimumVisualStudioVersion = 10.0.40219.1
Project("{2150E333-8FDC-42A3-9474-1A3956D46DE8}") = "UI", "UI", "{F1952B40-2BF2-4947-B01A-242B333EFEEF}"
EndProject
Project("{FAE04EC0-301F-11D3-BF4B-00C04F79EFBC}") = "EstudoDDDTDD.Web", "EstudoDDDTDD.Web\EstudoDDDTDD.Web.csproj", "{869EE1E5-2FD7-4BAF-BDA8-7765EDAA0078}"
EndProject
Project("{FAE04EC0-301F-11D3-BF4B-00C04F79EFBC}") = "EstudoDDDTDD.Web.Tests", "EstudoDDDTDD.Web.Tests\EstudoDDDTDD.Web.Tests.csproj", "{ADC05B95-7B2B-42D4-B9DD-DBDF6C33950A}"
EndProject
Project("{2150E333-8FDC-42A3-9474-1A3956D46DE8}") = "Domain", "Domain", "{BD5C99AF-F2A1-4F9E-8475-07EB392782E4}"
EndProject
Project("{FAE04EC0-301F-11D3-BF4B-00C04F79EFBC}") = "EstudoDDDTDD.Domain", "EstudoDDDTDD.Domain\EstudoDDDTDD.Domain.csproj", "{8B417B26-CC2B-4D7E-8085-D42712A01E52}"
EndProject
Project("{FAE04EC0-301F-11D3-BF4B-00C04F79EFBC}") = "EstudoDDDTDD.Domain.Tests", "EstudoDDDTDD.Domain.Tests\EstudoDDDTDD.Domain.Tests.csproj", "{1C71D20F-5757-43FE-B5CB-C0BEC71F64A5}"
EndProject
Project("{2150E333-8FDC-42A3-9474-1A3956D46DE8}") = "Repositories", "Repositories", "{2175F212-5113-476B-A1B4-3D88142CA71F}"
EndProject
Project("{FAE04EC0-301F-11D3-BF4B-00C04F79EFBC}") = "EstudoDDDTDD.Repositories", "EstudoDDDTDD.Repositories\EstudoDDDTDD.Repositories.csproj", "{20962FC2-30D4-4617-B3A3-46FCEFF2BDDB}"
EndProject
Project("{FAE04EC0-301F-11D3-BF4B-00C04F79EFBC}") = "EstudoDDDTDD.Repositories.Tests", "EstudoDDDTDD.Repositories.Tests\EstudoDDDTDD.Repositories.Tests.csproj", "{DB3F15C0-6E3E-40B8-A5F3-96418803562A}"
EndProject
Project("{2150E333-8FDC-42A3-9474-1A3956D46DE8}") = "APP", "APP", "{F50D6E76-EF18-4C85-9200-3E7A4C31A505}"
EndProject
Project("{FAE04EC0-301F-11D3-BF4B-00C04F79EFBC}") = "EstudoDDDTDD.App", "EstudoDDDTDD.App\EstudoDDDTDD.App.csproj", "{326EFA90-1F30-443D-88C8-B828DC198040}"
EndProject
Project("{FAE04EC0-301F-11D3-BF4B-00C04F79EFBC}") = "EstudoDDDTDD.App.Tests", "EstudoDDDTDD.App.Tests\EstudoDDDTDD.App.Tests.csproj", "{72E1896A-5C47-4787-BC48-F9B86F69E62E}"
EndProject
Project("{2150E333-8FDC-42A3-9474-1A3956D46DE8}") = "Helpers", "Helpers", "{8FE106EC-446F-4DDF-A9C7-7C2C0544956C}"
EndProject
Project("{FAE04EC0-301F-11D3-BF4B-00C04F79EFBC}") = "EstudoDDDTDD.Helpers", "EstudoDDDTDD.Helpers\EstudoDDDTDD.Helpers.csproj", "{1064DC1F-EB01-4FE7-9302-585E80621468}"
EndProject
Project("{FAE04EC0-301F-11D3-BF4B-00C04F79EFBC}") = "EstudoDDDTDD.Helpers.Tests", "EstudoDDDTDD.Helpers.Tests\EstudoDDDTDD.Helpers.Tests.csproj", "{928E73CB-482D-4242-A08D-820652F4E686}"
EndProject
Project("{2150E333-8FDC-42A3-9474-1A3956D46DE8}") = "StartUp", "StartUp", "{9195B990-EA62-4D50-8350-71E7E1A169F9}"
EndProject
Project("{FAE04EC0-301F-11D3-BF4B-00C04F79EFBC}") = "EstudoDDDTDD.StartUp", "EstudoDDDTDD.StartUp\EstudoDDDTDD.StartUp.csproj", "{6E906D9C-1BFF-4CFA-8B1B-7D25803D0FD0}"
EndProject
Project("{FAE04EC0-301F-11D3-BF4B-00C04F79EFBC}") = "EstudoDDDTDD.StartUp.Tests", "EstudoDDDTDD.StartUp.Tests\EstudoDDDTDD.StartUp.Tests.csproj", "{FE090293-77F4-4D6F-AAC8-F36E2F2CF306}"
EndProject
Global
	GlobalSection(SolutionConfigurationPlatforms) = preSolution
		Debug|Any CPU = Debug|Any CPU
		Release|Any CPU = Release|Any CPU
	EndGlobalSection
	GlobalSection(ProjectConfigurationPlatforms) = postSolution
		{869EE1E5-2FD7-4BAF-BDA8-7765EDAA0078}.Debug|Any CPU.ActiveCfg = Debug|Any CPU
		{869EE1E5-2FD7-4BAF-BDA8-7765EDAA0078}.Debug|Any CPU.Build.0 = Debug|Any CPU
		{869EE1E5-2FD7-4BAF-BDA8-7765EDAA0078}.Release|Any CPU.ActiveCfg = Release|Any CPU
		{869EE1E5-2FD7-4BAF-BDA8-7765EDAA0078}.Release|Any CPU.Build.0 = Release|Any CPU
		{ADC05B95-7B2B-42D4-B9DD-DBDF6C33950A}.Debug|Any CPU.ActiveCfg = Debug|Any CPU
		{ADC05B95-7B2B-42D4-B9DD-DBDF6C33950A}.Debug|Any CPU.Build.0 = Debug|Any CPU
		{ADC05B95-7B2B-42D4-B9DD-DBDF6C33950A}.Release|Any CPU.ActiveCfg = Release|Any CPU
		{ADC05B95-7B2B-42D4-B9DD-DBDF6C33950A}.Release|Any CPU.Build.0 = Release|Any CPU
		{8B417B26-CC2B-4D7E-8085-D42712A01E52}.Debug|Any CPU.ActiveCfg = Debug|Any CPU
		{8B417B26-CC2B-4D7E-8085-D42712A01E52}.Debug|Any CPU.Build.0 = Debug|Any CPU
		{8B417B26-CC2B-4D7E-8085-D42712A01E52}.Release|Any CPU.ActiveCfg = Release|Any CPU
		{8B417B26-CC2B-4D7E-8085-D42712A01E52}.Release|Any CPU.Build.0 = Release|Any CPU
		{1C71D20F-5757-43FE-B5CB-C0BEC71F64A5}.Debug|Any CPU.ActiveCfg = Debug|Any CPU
		{1C71D20F-5757-43FE-B5CB-C0BEC71F64A5}.Debug|Any CPU.Build.0 = Debug|Any CPU
		{1C71D20F-5757-43FE-B5CB-C0BEC71F64A5}.Release|Any CPU.ActiveCfg = Release|Any CPU
		{1C71D20F-5757-43FE-B5CB-C0BEC71F64A5}.Release|Any CPU.Build.0 = Release|Any CPU
		{20962FC2-30D4-4617-B3A3-46FCEFF2BDDB}.Debug|Any CPU.ActiveCfg = Debug|Any CPU
		{20962FC2-30D4-4617-B3A3-46FCEFF2BDDB}.Debug|Any CPU.Build.0 = Debug|Any CPU
		{20962FC2-30D4-4617-B3A3-46FCEFF2BDDB}.Release|Any CPU.ActiveCfg = Release|Any CPU
		{20962FC2-30D4-4617-B3A3-46FCEFF2BDDB}.Release|Any CPU.Build.0 = Release|Any CPU
		{DB3F15C0-6E3E-40B8-A5F3-96418803562A}.Debug|Any CPU.ActiveCfg = Debug|Any CPU
		{DB3F15C0-6E3E-40B8-A5F3-96418803562A}.Debug|Any CPU.Build.0 = Debug|Any CPU
		{DB3F15C0-6E3E-40B8-A5F3-96418803562A}.Release|Any CPU.ActiveCfg = Release|Any CPU
		{DB3F15C0-6E3E-40B8-A5F3-96418803562A}.Release|Any CPU.Build.0 = Release|Any CPU
		{326EFA90-1F30-443D-88C8-B828DC198040}.Debug|Any CPU.ActiveCfg = Debug|Any CPU
		{326EFA90-1F30-443D-88C8-B828DC198040}.Debug|Any CPU.Build.0 = Debug|Any CPU
		{326EFA90-1F30-443D-88C8-B828DC198040}.Release|Any CPU.ActiveCfg = Release|Any CPU
		{326EFA90-1F30-443D-88C8-B828DC198040}.Release|Any CPU.Build.0 = Release|Any CPU
		{72E1896A-5C47-4787-BC48-F9B86F69E62E}.Debug|Any CPU.ActiveCfg = Debug|Any CPU
		{72E1896A-5C47-4787-BC48-F9B86F69E62E}.Debug|Any CPU.Build.0 = Debug|Any CPU
		{72E1896A-5C47-4787-BC48-F9B86F69E62E}.Release|Any CPU.ActiveCfg = Release|Any CPU
		{72E1896A-5C47-4787-BC48-F9B86F69E62E}.Release|Any CPU.Build.0 = Release|Any CPU
		{1064DC1F-EB01-4FE7-9302-585E80621468}.Debug|Any CPU.ActiveCfg = Debug|Any CPU
		{1064DC1F-EB01-4FE7-9302-585E80621468}.Debug|Any CPU.Build.0 = Debug|Any CPU
		{1064DC1F-EB01-4FE7-9302-585E80621468}.Release|Any CPU.ActiveCfg = Release|Any CPU
		{1064DC1F-EB01-4FE7-9302-585E80621468}.Release|Any CPU.Build.0 = Release|Any CPU
		{928E73CB-482D-4242-A08D-820652F4E686}.Debug|Any CPU.ActiveCfg = Debug|Any CPU
		{928E73CB-482D-4242-A08D-820652F4E686}.Debug|Any CPU.Build.0 = Debug|Any CPU
		{928E73CB-482D-4242-A08D-820652F4E686}.Release|Any CPU.ActiveCfg = Release|Any CPU
		{928E73CB-482D-4242-A08D-820652F4E686}.Release|Any CPU.Build.0 = Release|Any CPU
		{6E906D9C-1BFF-4CFA-8B1B-7D25803D0FD0}.Debug|Any CPU.ActiveCfg = Debug|Any CPU
		{6E906D9C-1BFF-4CFA-8B1B-7D25803D0FD0}.Debug|Any CPU.Build.0 = Debug|Any CPU
		{6E906D9C-1BFF-4CFA-8B1B-7D25803D0FD0}.Release|Any CPU.ActiveCfg = Release|Any CPU
		{6E906D9C-1BFF-4CFA-8B1B-7D25803D0FD0}.Release|Any CPU.Build.0 = Release|Any CPU
		{FE090293-77F4-4D6F-AAC8-F36E2F2CF306}.Debug|Any CPU.ActiveCfg = Debug|Any CPU
		{FE090293-77F4-4D6F-AAC8-F36E2F2CF306}.Debug|Any CPU.Build.0 = Debug|Any CPU
		{FE090293-77F4-4D6F-AAC8-F36E2F2CF306}.Release|Any CPU.ActiveCfg = Release|Any CPU
		{FE090293-77F4-4D6F-AAC8-F36E2F2CF306}.Release|Any CPU.Build.0 = Release|Any CPU
	EndGlobalSection
	GlobalSection(SolutionProperties) = preSolution
		HideSolutionNode = FALSE
	EndGlobalSection
	GlobalSection(NestedProjects) = preSolution
		{869EE1E5-2FD7-4BAF-BDA8-7765EDAA0078} = {F1952B40-2BF2-4947-B01A-242B333EFEEF}
		{ADC05B95-7B2B-42D4-B9DD-DBDF6C33950A} = {F1952B40-2BF2-4947-B01A-242B333EFEEF}
		{8B417B26-CC2B-4D7E-8085-D42712A01E52} = {BD5C99AF-F2A1-4F9E-8475-07EB392782E4}
		{1C71D20F-5757-43FE-B5CB-C0BEC71F64A5} = {BD5C99AF-F2A1-4F9E-8475-07EB392782E4}
		{20962FC2-30D4-4617-B3A3-46FCEFF2BDDB} = {2175F212-5113-476B-A1B4-3D88142CA71F}
		{DB3F15C0-6E3E-40B8-A5F3-96418803562A} = {2175F212-5113-476B-A1B4-3D88142CA71F}
		{326EFA90-1F30-443D-88C8-B828DC198040} = {F50D6E76-EF18-4C85-9200-3E7A4C31A505}
		{72E1896A-5C47-4787-BC48-F9B86F69E62E} = {F50D6E76-EF18-4C85-9200-3E7A4C31A505}
		{1064DC1F-EB01-4FE7-9302-585E80621468} = {8FE106EC-446F-4DDF-A9C7-7C2C0544956C}
		{928E73CB-482D-4242-A08D-820652F4E686} = {8FE106EC-446F-4DDF-A9C7-7C2C0544956C}
		{6E906D9C-1BFF-4CFA-8B1B-7D25803D0FD0} = {9195B990-EA62-4D50-8350-71E7E1A169F9}
		{FE090293-77F4-4D6F-AAC8-F36E2F2CF306} = {9195B990-EA62-4D50-8350-71E7E1A169F9}
	EndGlobalSection
	GlobalSection(ExtensibilityGlobals) = postSolution
		SolutionGuid = {1962846C-7983-4D29-A24E-45992EA785D8}
	EndGlobalSection
EndGlobal
